{
  "nodes": {
    "nixpkgs": {
      "locked": {
        "lastModified": 1739624908,
        "narHash": "sha256-f84lBmLl4tkDp1ZU5LBTSFzlxXP4926DVW3KnXrke10=",
        "owner": "NixOS",
        "repo": "nixpkgs",
        "rev": "a60651b217d2e529729cbc7d989c19f3941b9250",
        "type": "github"
      },
      "original": {
        "owner": "NixOS",
        "ref": "nixos-24.11",
        "repo": "nixpkgs",
        "type": "github"
      }
    },
    "root": {
      "inputs": {
        "nixpkgs": "nixpkgs",
        "selfup": "selfup",
        "unstable-nixpkgs": "unstable-nixpkgs"
      }
    },
    "selfup": {
      "inputs": {
        "nixpkgs": [
          "nixpkgs"
        ]
      },
      "locked": {
        "lastModified": 1736841604,
        "narHash": "sha256-iEBjUiwg4H2eCfnPuQf+lXSsVmRHi/RvC6EE798NYy8=",
        "owner": "kachick",
        "repo": "selfup",
        "rev": "78de5a4e1c137f05d5c510c038fe868b49924c46",
        "type": "github"
      },
      "original": {
        "owner": "kachick",
        "ref": "v1.1.9",
        "repo": "selfup",
        "type": "github"
      }
    },
    "unstable-nixpkgs": {
      "locked": {
        "lastModified": 1740126099,
        "narHash": "sha256-ozoOtE2hGsqh4XkTJFsrTkNxkRgShxpQxDynaPZUGxk=",
        "owner": "NixOS",
        "repo": "nixpkgs",
        "rev": "32fb99ba93fea2798be0e997ea331dd78167f814",
        "type": "github"
      },
      "original": {
        "owner": "NixOS",
        "ref": "nixos-unstable",
        "repo": "nixpkgs",
        "type": "github"
      }
    }
  },
  "root": "root",
  "version": 7
}
